
Microsoft Visual Studio Solution File, Format Version 12.00
# Visual Studio Version 16
VisualStudioVersion = 16.0.29806.167
MinimumVisualStudioVersion = 10.0.40219.1
Project("{FAE04EC0-301F-11D3-BF4B-00C04F79EFBC}") = "Zadanie10", "Zadanie10\Zadanie10.csproj", "{DC3C2691-EDB7-4C25-B41F-6A06A200DB77}"
EndProject
Global
	GlobalSection(SolutionConfigurationPlatforms) = preSolution
		Debug|Any CPU = Debug|Any CPU
		Release|Any CPU = Release|Any CPU
	EndGlobalSection
	GlobalSection(ProjectConfigurationPlatforms) = postSolution
		{DC3C2691-EDB7-4C25-B41F-6A06A200DB77}.Debug|Any CPU.ActiveCfg = Debug|Any CPU
		{DC3C2691-EDB7-4C25-B41F-6A06A200DB77}.Debug|Any CPU.Build.0 = Debug|Any CPU
		{DC3C2691-EDB7-4C25-B41F-6A06A200DB77}.Release|Any CPU.ActiveCfg = Release|Any CPU
		{DC3C2691-EDB7-4C25-B41F-6A06A200DB77}.Release|Any CPU.Build.0 = Release|Any CPU
	EndGlobalSection
	GlobalSection(SolutionProperties) = preSolution
		HideSolutionNode = FALSE
	EndGlobalSection
	GlobalSection(ExtensibilityGlobals) = postSolution
		SolutionGuid = {B88D309F-F475-4F05-8B6E-BA02CBF3B7F9}
	EndGlobalSection
EndGlobal
